
Microsoft Visual Studio Solution File, Format Version 12.00
# Visual Studio Version 17
VisualStudioVersion = 17.11.35312.102
MinimumVisualStudioVersion = 10.0.40219.1
Project("{8BC9CEB8-8B4A-11D0-8D11-00A0C91BC942}") = "Hazel", "Hazel\Hazel.vcxproj", "{C2F15626-D1AB-4877-A81F-AD467A8D45E3}"
EndProject
Project("{8BC9CEB8-8B4A-11D0-8D11-00A0C91BC942}") = "Sandbox", "Sandbox\Sandbox.vcxproj", "{61512EA9-552B-44C5-ADBD-B7FA6A26EE8F}"
EndProject
Global
	GlobalSection(SolutionConfigurationPlatforms) = preSolution
		Debug|x64 = Debug|x64
		Release|x64 = Release|x64
	EndGlobalSection
	GlobalSection(ProjectConfigurationPlatforms) = postSolution
		{C2F15626-D1AB-4877-A81F-AD467A8D45E3}.Debug|x64.ActiveCfg = Debug|x64
		{C2F15626-D1AB-4877-A81F-AD467A8D45E3}.Debug|x64.Build.0 = Debug|x64
		{C2F15626-D1AB-4877-A81F-AD467A8D45E3}.Release|x64.ActiveCfg = Release|x64
		{C2F15626-D1AB-4877-A81F-AD467A8D45E3}.Release|x64.Build.0 = Release|x64
		{61512EA9-552B-44C5-ADBD-B7FA6A26EE8F}.Debug|x64.ActiveCfg = Debug|x64
		{61512EA9-552B-44C5-ADBD-B7FA6A26EE8F}.Debug|x64.Build.0 = Debug|x64
		{61512EA9-552B-44C5-ADBD-B7FA6A26EE8F}.Release|x64.ActiveCfg = Release|x64
		{61512EA9-552B-44C5-ADBD-B7FA6A26EE8F}.Release|x64.Build.0 = Release|x64
	EndGlobalSection
	GlobalSection(SolutionProperties) = preSolution
		HideSolutionNode = FALSE
	EndGlobalSection
	GlobalSection(ExtensibilityGlobals) = postSolution
		SolutionGuid = {8B3B5D54-7762-44BA-ADE5-B7F19FF7B2C0}
	EndGlobalSection
EndGlobal
